PODS:
  - CQDemoKit/BaseUtil (0.5.10)
  - CQDemoKit/BaseVC (0.5.10):
    - CQDemoKit/BaseVC/Base (= 0.5.10)
    - CQDemoKit/BaseVC/Collection (= 0.5.10)
    - CQDemoKit/BaseVC/ScrollView (= 0.5.10)
    - CQDemoKit/BaseVC/TabBar (= 0.5.10)
    - CQDemoKit/BaseVC/TableView (= 0.5.10)
    - CQDemoKit/BaseVC/TextView (= 0.5.10)
  - CQDemoKit/BaseVC/Base (0.5.10):
    - Masonry
  - CQDemoKit/BaseVC/Collection (0.5.10):
    - CQDemoKit/BaseVC/Base
  - CQDemoKit/BaseVC/ScrollView (0.5.10):
    - CQDemoKit/BaseVC/Base
  - CQDemoKit/BaseVC/TabBar (0.5.10)
  - CQDemoKit/BaseVC/TableView (0.5.10):
    - CQDemoKit/BaseVC/Base
  - CQDemoKit/BaseVC/TextView (0.5.10):
    - CQDemoKit/BaseUtil
    - CQDemoKit/BaseVC/Base
  - Masonry (1.1.0)

DEPENDENCIES:
  - CQDemoKit/BaseVC (~> 0.5.10)

SPEC REPOS:
  https://github.com/CocoaPods/Specs.git:
    - CQDemoKit
    - Masonry

SPEC CHECKSUMS:
  CQDemoKit: a3385728b155ce80d8c5db57e06b8cfe1c3612e6
  Masonry: 678fab65091a9290e40e2832a55e7ab731aad201

PODFILE CHECKSUM: 73012db60313b1f472a97dacc0cb1e04694c6f71

COCOAPODS: 1.10.0
