PODS:
  - CJBaseHelper/UIViewControllerCJHelper (0.1.7)
  - CJProtocolCenter (0.1.1)
  - CQDemoKit/BaseUtil (0.5.10)
  - CQDemoKit/BaseVC (0.5.10):
    - CQDemoKit/BaseVC/Base (= 0.5.10)
    - CQDemoKit/BaseVC/Collection (= 0.5.10)
    - CQDemoKit/BaseVC/ScrollView (= 0.5.10)
    - CQDemoKit/BaseVC/TabBar (= 0.5.10)
    - CQDemoKit/BaseVC/TableView (= 0.5.10)
    - CQDemoKit/BaseVC/TextView (= 0.5.10)
  - CQDemoKit/BaseVC/Base (0.5.10):
    - Masonry
  - CQDemoKit/BaseVC/Collection (0.5.10):
    - CQDemoKit/BaseVC/Base
  - CQDemoKit/BaseVC/ScrollView (0.5.10):
    - CQDemoKit/BaseVC/Base
  - CQDemoKit/BaseVC/TabBar (0.5.10)
  - CQDemoKit/BaseVC/TableView (0.5.10):
    - CQDemoKit/BaseVC/Base
  - CQDemoKit/BaseVC/TextView (0.5.10):
    - CQDemoKit/BaseUtil
    - CQDemoKit/BaseVC/Base
  - CQModuleHelper (0.0.1):
    - CJProtocolCenter
    - TSModulePublic/CJUserServicePublic
    - TSModulePublic/LoginModulePublic
    - TSModulePublic/OrderModulePublic
  - Masonry (1.1.0)
  - TSLoginModuleImpl (0.0.1):
    - CJBaseHelper/UIViewControllerCJHelper
    - CJProtocolCenter
    - TSModulePublic/LoginModulePublic
  - TSModulePublic/CJUserServicePublic (0.0.1)
  - TSModulePublic/LoginModulePublic (0.0.1)
  - TSModulePublic/OrderModulePublic (0.0.1)
  - TSOrderModuleImpl (0.0.1):
    - CJBaseHelper/UIViewControllerCJHelper
    - CJProtocolCenter
    - TSModulePublic/OrderModulePublic
  - TSUserServiceImpl (0.0.1):
    - CJProtocolCenter
    - TSModulePublic/CJUserServicePublic

DEPENDENCIES:
  - CJProtocolCenter (from `../`)
  - CQDemoKit/BaseVC (~> 0.5.10)
  - CQModuleHelper (from `../`)
  - TSLoginModuleImpl (from `../`)
  - TSModulePublic/CJUserServicePublic (from `../`)
  - TSModulePublic/LoginModulePublic (from `../`)
  - TSModulePublic/OrderModulePublic (from `../`)
  - TSOrderModuleImpl (from `../`)
  - TSUserServiceImpl (from `../`)

SPEC REPOS:
  https://github.com/CocoaPods/Specs.git:
    - CJBaseHelper
    - CQDemoKit
    - Masonry

EXTERNAL SOURCES:
  CJProtocolCenter:
    :path: "../"
  CQModuleHelper:
    :path: "../"
  TSLoginModuleImpl:
    :path: "../"
  TSModulePublic:
    :path: "../"
  TSOrderModuleImpl:
    :path: "../"
  TSUserServiceImpl:
    :path: "../"

SPEC CHECKSUMS:
  CJBaseHelper: 71c9d695c76736b2fc66123157d5626da4556177
  CJProtocolCenter: 9f2f3d67b39b83adb1a471aad230f8cd47bf1c93
  CQDemoKit: a3385728b155ce80d8c5db57e06b8cfe1c3612e6
  CQModuleHelper: 83fceaee07b2e48a47baf1bcd0785890d094e7fc
  Masonry: 678fab65091a9290e40e2832a55e7ab731aad201
  TSLoginModuleImpl: d7021c921e454244b35c75e25521e28b2de36522
  TSModulePublic: a402a56b3ead856ef6e02efbd36175db490172cb
  TSOrderModuleImpl: 0d582d4fa5ced2ea4bc5bce2aa8fa39358f980cc
  TSUserServiceImpl: 66128526028a51e52f6543b8ac0d3b2dec5ec90d

PODFILE CHECKSUM: 98eb88dabf4973df7d1e7d6ea7659922008e83d5

COCOAPODS: 1.12.1
